
Microsoft Visual Studio Solution File, Format Version 12.00
# Visual Studio Version 17
VisualStudioVersion = 17.10.35013.160
MinimumVisualStudioVersion = 10.0.40219.1
Project("{FAE04EC0-301F-11D3-BF4B-00C04F79EFBC}") = "StudentPortal.web", "StudentPortal.web\StudentPortal.web.csproj", "{B4552F16-4C4A-42F1-97D4-A3AD6CD34B1E}"
EndProject
Global
	GlobalSection(SolutionConfigurationPlatforms) = preSolution
		Debug|Any CPU = Debug|Any CPU
		Release|Any CPU = Release|Any CPU
	EndGlobalSection
	GlobalSection(ProjectConfigurationPlatforms) = postSolution
		{B4552F16-4C4A-42F1-97D4-A3AD6CD34B1E}.Debug|Any CPU.ActiveCfg = Debug|Any CPU
		{B4552F16-4C4A-42F1-97D4-A3AD6CD34B1E}.Debug|Any CPU.Build.0 = Debug|Any CPU
		{B4552F16-4C4A-42F1-97D4-A3AD6CD34B1E}.Release|Any CPU.ActiveCfg = Release|Any CPU
		{B4552F16-4C4A-42F1-97D4-A3AD6CD34B1E}.Release|Any CPU.Build.0 = Release|Any CPU
	EndGlobalSection
	GlobalSection(SolutionProperties) = preSolution
		HideSolutionNode = FALSE
	EndGlobalSection
	GlobalSection(ExtensibilityGlobals) = postSolution
		SolutionGuid = {75F6D86B-3506-4FCA-A6B4-B99A541B81F4}
	EndGlobalSection
EndGlobal
